
Microsoft Visual Studio Solution File, Format Version 12.00
# Visual Studio 15
VisualStudioVersion = 15.0.28307.329
MinimumVisualStudioVersion = 10.0.40219.1
Project("{9092AA53-FB77-4645-B42D-1CCCA6BD08BD}") = "Frontend", "Frontend\Frontend.njsproj", "{62FD8015-6C54-4BC2-B27C-BFF7478021F7}"
EndProject
Project("{FAE04EC0-301F-11D3-BF4B-00C04F79EFBC}") = "API", "API\API.csproj", "{695EE0B1-9EAC-4360-B51B-E4A37D267ECC}"
EndProject
Global
	GlobalSection(SolutionConfigurationPlatforms) = preSolution
		Debug|Any CPU = Debug|Any CPU
		Release|Any CPU = Release|Any CPU
	EndGlobalSection
	GlobalSection(ProjectConfigurationPlatforms) = postSolution
		{62FD8015-6C54-4BC2-B27C-BFF7478021F7}.Debug|Any CPU.ActiveCfg = Debug|Any CPU
		{62FD8015-6C54-4BC2-B27C-BFF7478021F7}.Debug|Any CPU.Build.0 = Debug|Any CPU
		{62FD8015-6C54-4BC2-B27C-BFF7478021F7}.Release|Any CPU.ActiveCfg = Release|Any CPU
		{62FD8015-6C54-4BC2-B27C-BFF7478021F7}.Release|Any CPU.Build.0 = Release|Any CPU
		{695EE0B1-9EAC-4360-B51B-E4A37D267ECC}.Debug|Any CPU.ActiveCfg = Debug|Any CPU
		{695EE0B1-9EAC-4360-B51B-E4A37D267ECC}.Debug|Any CPU.Build.0 = Debug|Any CPU
		{695EE0B1-9EAC-4360-B51B-E4A37D267ECC}.Release|Any CPU.ActiveCfg = Release|Any CPU
		{695EE0B1-9EAC-4360-B51B-E4A37D267ECC}.Release|Any CPU.Build.0 = Release|Any CPU
	EndGlobalSection
	GlobalSection(SolutionProperties) = preSolution
		HideSolutionNode = FALSE
	EndGlobalSection
	GlobalSection(ExtensibilityGlobals) = postSolution
		SolutionGuid = {807F6F3E-0588-49CF-8312-D9972DDED7D0}
	EndGlobalSection
EndGlobal
